// !$*UTF8*$!
{
	archiveVersion = 1;
	classes = {
	};
	objectVersion = 50;
	objects = {

/* Begin PBXBuildFile section */
		D9521735225CF7CD009EBAD3 /* Coche.swift in Sources */ = {isa = PBXBuildFile; fileRef = D9521734225CF7CD009EBAD3 /* Coche.swift */; };
		D98E7198225F8C2E005C330E /* Amatic-Bold.ttf in Resources */ = {isa = PBXBuildFile; fileRef = D98E7197225F8C01005C330E /* Amatic-Bold.ttf */; };
		D98E7199225F8CD4005C330E /* Amatic-Regular.ttf in Resources */ = {isa = PBXBuildFile; fileRef = D98E7196225F8C01005C330E /* Amatic-Regular.ttf */; };
		D98E719B225F99CF005C330E /* Camion.swift in Sources */ = {isa = PBXBuildFile; fileRef = D98E719A225F99CF005C330E /* Camion.swift */; };
		D98E719D225FA040005C330E /* Vehiculo.swift in Sources */ = {isa = PBXBuildFile; fileRef = D98E719C225FA040005C330E /* Vehiculo.swift */; };
		D9943F05225B99DE00A8DBEC /* AppDelegate.swift in Sources */ = {isa = PBXBuildFile; fileRef = D9943F04225B99DE00A8DBEC /* AppDelegate.swift */; };
		D9943F07225B99DE00A8DBEC /* ViewController.swift in Sources */ = {isa = PBXBuildFile; fileRef = D9943F06225B99DE00A8DBEC /* ViewController.swift */; };
		D9943F0A225B99DE00A8DBEC /* Main.storyboard in Resources */ = {isa = PBXBuildFile; fileRef = D9943F08225B99DE00A8DBEC /* Main.storyboard */; };
		D9943F0C225B99EB00A8DBEC /* Assets.xcassets in Resources */ = {isa = PBXBuildFile; fileRef = D9943F0B225B99EB00A8DBEC /* Assets.xcassets */; };
		D9943F0F225B99EB00A8DBEC /* LaunchScreen.storyboard in Resources */ = {isa = PBXBuildFile; fileRef = D9943F0D225B99EB00A8DBEC /* LaunchScreen.storyboard */; };
		D9CEF87A225E4D1F009FB5A6 /* CocheStruct.swift in Sources */ = {isa = PBXBuildFile; fileRef = D9CEF879225E4D1F009FB5A6 /* CocheStruct.swift */; };
/* End PBXBuildFile section */

/* Begin PBXFileReference section */
		D9521734225CF7CD009EBAD3 /* Coche.swift */ = {isa = PBXFileReference; lastKnownFileType = sourcecode.swift; path = Coche.swift; sourceTree = "<group>"; };
		D98E7196225F8C01005C330E /* Amatic-Regular.ttf */ = {isa = PBXFileReference; lastKnownFileType = file; path = "Amatic-Regular.ttf"; sourceTree = "<group>"; };
		D98E7197225F8C01005C330E /* Amatic-Bold.ttf */ = {isa = PBXFileReference; lastKnownFileType = file; path = "Amatic-Bold.ttf"; sourceTree = "<group>"; };
		D98E719A225F99CF005C330E /* Camion.swift */ = {isa = PBXFileReference; lastKnownFileType = sourcecode.swift; path = Camion.swift; sourceTree = "<group>"; };
		D98E719C225FA040005C330E /* Vehiculo.swift */ = {isa = PBXFileReference; lastKnownFileType = sourcecode.swift; path = Vehiculo.swift; sourceTree = "<group>"; };
		D9943F01225B99DD00A8DBEC /* SegundaMano.app */ = {isa = PBXFileReference; explicitFileType = wrapper.application; includeInIndex = 0; path = SegundaMano.app; sourceTree = BUILT_PRODUCTS_DIR; };
		D9943F04225B99DE00A8DBEC /* AppDelegate.swift */ = {isa = PBXFileReference; lastKnownFileType = sourcecode.swift; path = AppDelegate.swift; sourceTree = "<group>"; };
		D9943F06225B99DE00A8DBEC /* ViewController.swift */ = {isa = PBXFileReference; lastKnownFileType = sourcecode.swift; path = ViewController.swift; sourceTree = "<group>"; };
		D9943F09225B99DE00A8DBEC /* Base */ = {isa = PBXFileReference; lastKnownFileType = file.storyboard; name = Base; path = Base.lproj/Main.storyboard; sourceTree = "<group>"; };
		D9943F0B225B99EB00A8DBEC /* Assets.xcassets */ = {isa = PBXFileReference; lastKnownFileType = folder.assetcatalog; path = Assets.xcassets; sourceTree = "<group>"; };
		D9943F0E225B99EB00A8DBEC /* Base */ = {isa = PBXFileReference; lastKnownFileType = file.storyboard; name = Base; path = Base.lproj/LaunchScreen.storyboard; sourceTree = "<group>"; };
		D9943F10225B99EB00A8DBEC /* Info.plist */ = {isa = PBXFileReference; lastKnownFileType = text.plist.xml; path = Info.plist; sourceTree = "<group>"; };
		D9CEF879225E4D1F009FB5A6 /* CocheStruct.swift */ = {isa = PBXFileReference; lastKnownFileType = sourcecode.swift; path = CocheStruct.swift; sourceTree = "<group>"; };
/* End PBXFileReference section */

/* Begin PBXFrameworksBuildPhase section */
		D9943EFE225B99DD00A8DBEC /* Frameworks */ = {
			isa = PBXFrameworksBuildPhase;
			buildActionMask = 2147483647;
			files = (
			);
			runOnlyForDeploymentPostprocessing = 0;
		};
/* End PBXFrameworksBuildPhase section */

/* Begin PBXGroup section */
		D98E7195225F8B3B005C330E /* fonts */ = {
			isa = PBXGroup;
			children = (
				D98E7197225F8C01005C330E /* Amatic-Bold.ttf */,
				D98E7196225F8C01005C330E /* Amatic-Regular.ttf */,
			);
			path = fonts;
			sourceTree = "<group>";
		};
		D9943EF8225B99DD00A8DBEC = {
			isa = PBXGroup;
			children = (
				D9943F03225B99DD00A8DBEC /* SegundaMano */,
				D9943F02225B99DD00A8DBEC /* Products */,
			);
			sourceTree = "<group>";
		};
		D9943F02225B99DD00A8DBEC /* Products */ = {
			isa = PBXGroup;
			children = (
				D9943F01225B99DD00A8DBEC /* SegundaMano.app */,
			);
			name = Products;
			sourceTree = "<group>";
		};
		D9943F03225B99DD00A8DBEC /* SegundaMano */ = {
			isa = PBXGroup;
			children = (
				D98E7195225F8B3B005C330E /* fonts */,
				D9943F04225B99DE00A8DBEC /* AppDelegate.swift */,
				D9521734225CF7CD009EBAD3 /* Coche.swift */,
				D9943F06225B99DE00A8DBEC /* ViewController.swift */,
				D98E719A225F99CF005C330E /* Camion.swift */,
				D9CEF879225E4D1F009FB5A6 /* CocheStruct.swift */,
				D9943F08225B99DE00A8DBEC /* Main.storyboard */,
				D98E719C225FA040005C330E /* Vehiculo.swift */,
				D9943F0B225B99EB00A8DBEC /* Assets.xcassets */,
				D9943F0D225B99EB00A8DBEC /* LaunchScreen.storyboard */,
				D9943F10225B99EB00A8DBEC /* Info.plist */,
			);
			path = SegundaMano;
			sourceTree = "<group>";
		};
/* End PBXGroup section */

/* Begin PBXNativeTarget section */
		D9943F00225B99DD00A8DBEC /* SegundaMano */ = {
			isa = PBXNativeTarget;
			buildConfigurationList = D9943F13225B99EB00A8DBEC /* Build configuration list for PBXNativeTarget "SegundaMano" */;
			buildPhases = (
				D9943EFD225B99DD00A8DBEC /* Sources */,
				D9943EFE225B99DD00A8DBEC /* Frameworks */,
				D9943EFF225B99DD00A8DBEC /* Resources */,
			);
			buildRules = (
			);
			dependencies = (
			);
			name = SegundaMano;
			productName = SegundaMano;
			productReference = D9943F01225B99DD00A8DBEC /* SegundaMano.app */;
			productType = "com.apple.product-type.application";
		};
/* End PBXNativeTarget section */

/* Begin PBXProject section */
		D9943EF9225B99DD00A8DBEC /* Project object */ = {
			isa = PBXProject;
			attributes = {
				LastSwiftUpdateCheck = 1020;
				LastUpgradeCheck = 1020;
				ORGANIZATIONNAME = CFTIC;
				TargetAttributes = {
					D9943F00225B99DD00A8DBEC = {
						CreatedOnToolsVersion = 10.2;
					};
				};
			};
			buildConfigurationList = D9943EFC225B99DD00A8DBEC /* Build configuration list for PBXProject "SegundaMano" */;
			compatibilityVersion = "Xcode 9.3";
			developmentRegion = en;
			hasScannedForEncodings = 0;
			knownRegions = (
				en,
				Base,
			);
			mainGroup = D9943EF8225B99DD00A8DBEC;
			productRefGroup = D9943F02225B99DD00A8DBEC /* Products */;
			projectDirPath = "";
			projectRoot = "";
			targets = (
				D9943F00225B99DD00A8DBEC /* SegundaMano */,
			);
		};
/* End PBXProject section */

/* Begin PBXResourcesBuildPhase section */
		D9943EFF225B99DD00A8DBEC /* Resources */ = {
			isa = PBXResourcesBuildPhase;
			buildActionMask = 2147483647;
			files = (
				D98E7199225F8CD4005C330E /* Amatic-Regular.ttf in Resources */,
				D98E7198225F8C2E005C330E /* Amatic-Bold.ttf in Resources */,
				D9943F0F225B99EB00A8DBEC /* LaunchScreen.storyboard in Resources */,
				D9943F0C225B99EB00A8DBEC /* Assets.xcassets in Resources */,
				D9943F0A225B99DE00A8DBEC /* Main.storyboard in Resources */,
			);
			runOnlyForDeploymentPostprocessing = 0;
		};
/* End PBXResourcesBuildPhase section */

/* Begin PBXSourcesBuildPhase section */
		D9943EFD225B99DD00A8DBEC /* Sources */ = {
			isa = PBXSourcesBuildPhase;
			buildActionMask = 2147483647;
			files = (
				D9943F07225B99DE00A8DBEC /* ViewController.swift in Sources */,
				D9521735225CF7CD009EBAD3 /* Coche.swift in Sources */,
				D98E719D225FA040005C330E /* Vehiculo.swift in Sources */,
				D9943F05225B99DE00A8DBEC /* AppDelegate.swift in Sources */,
				D98E719B225F99CF005C330E /* Camion.swift in Sources */,
				D9CEF87A225E4D1F009FB5A6 /* CocheStruct.swift in Sources */,
			);
			runOnlyForDeploymentPostprocessing = 0;
		};
/* End PBXSourcesBuildPhase section */

/* Begin PBXVariantGroup section */
		D9943F08225B99DE00A8DBEC /* Main.storyboard */ = {
			isa = PBXVariantGroup;
			children = (
				D9943F09225B99DE00A8DBEC /* Base */,
			);
			name = Main.storyboard;
			sourceTree = "<group>";
		};
		D9943F0D225B99EB00A8DBEC /* LaunchScreen.storyboard */ = {
			isa = PBXVariantGroup;
			children = (
				D9943F0E225B99EB00A8DBEC /* Base */,
			);
			name = LaunchScreen.storyboard;
			sourceTree = "<group>";
		};
/* End PBXVariantGroup section */

/* Begin XCBuildConfiguration section */
		D9943F11225B99EB00A8DBEC /* Debug */ = {
			isa = XCBuildConfiguration;
			buildSettings = {
				ALWAYS_SEARCH_USER_PATHS = NO;
				CLANG_ANALYZER_NONNULL = YES;
				CLANG_ANALYZER_NUMBER_OBJECT_CONVERSION = YES_AGGRESSIVE;
				CLANG_CXX_LANGUAGE_STANDARD = "gnu++14";
				CLANG_CXX_LIBRARY = "libc++";
				CLANG_ENABLE_MODULES = YES;
				CLANG_ENABLE_OBJC_ARC = YES;
				CLANG_ENABLE_OBJC_WEAK = YES;
				CLANG_WARN_BLOCK_CAPTURE_AUTORELEASING = YES;
				CLANG_WARN_BOOL_CONVERSION = YES;
				CLANG_WARN_COMMA = YES;
				CLANG_WARN_CONSTANT_CONVERSION = YES;
				CLANG_WARN_DEPRECATED_OBJC_IMPLEMENTATIONS = YES;
				CLANG_WARN_DIRECT_OBJC_ISA_USAGE = YES_ERROR;
				CLANG_WARN_DOCUMENTATION_COMMENTS = YES;
				CLANG_WARN_EMPTY_BODY = YES;
				CLANG_WARN_ENUM_CONVERSION = YES;
				CLANG_WARN_INFINITE_RECURSION = YES;
				CLANG_WARN_INT_CONVERSION = YES;
				CLANG_WARN_NON_LITERAL_NULL_CONVERSION = YES;
				CLANG_WARN_OBJC_IMPLICIT_RETAIN_SELF = YES;
				CLANG_WARN_OBJC_LITERAL_CONVERSION = YES;
				CLANG_WARN_OBJC_ROOT_CLASS = YES_ERROR;
				CLANG_WARN_RANGE_LOOP_ANALYSIS = YES;
				CLANG_WARN_STRICT_PROTOTYPES = YES;
				CLANG_WARN_SUSPICIOUS_MOVE = YES;
				CLANG_WARN_UNGUARDED_AVAILABILITY = YES_AGGRESSIVE;
				CLANG_WARN_UNREACHABLE_CODE = YES;
				CLANG_WARN__DUPLICATE_METHOD_MATCH = YES;
				CODE_SIGN_IDENTITY = "iPhone Developer";
				COPY_PHASE_STRIP = NO;
				DEBUG_INFORMATION_FORMAT = dwarf;
				ENABLE_STRICT_OBJC_MSGSEND = YES;
				ENABLE_TESTABILITY = YES;
				GCC_C_LANGUAGE_STANDARD = gnu11;
				GCC_DYNAMIC_NO_PIC = NO;
				GCC_NO_COMMON_BLOCKS = YES;
				GCC_OPTIMIZATION_LEVEL = 0;
				GCC_PREPROCESSOR_DEFINITIONS = (
					"DEBUG=1",
					"$(inherited)",
				);
				GCC_WARN_64_TO_32_BIT_CONVERSION = YES;
				GCC_WARN_ABOUT_RETURN_TYPE = YES_ERROR;
				GCC_WARN_UNDECLARED_SELECTOR = YES;
				GCC_WARN_UNINITIALIZED_AUTOS = YES_AGGRESSIVE;
				GCC_WARN_UNUSED_FUNCTION = YES;
				GCC_WARN_UNUSED_VARIABLE = YES;
				IPHONEOS_DEPLOYMENT_TARGET = 12.2;
				MTL_ENABLE_DEBUG_INFO = INCLUDE_SOURCE;
				MTL_FAST_MATH = YES;
				ONLY_ACTIVE_ARCH = YES;
				SDKROOT = iphoneos;
				SWIFT_ACTIVE_COMPILATION_CONDITIONS = DEBUG;
				SWIFT_OPTIMIZATION_LEVEL = "-Onone";
			};
			name = Debug;
		};
		D9943F12225B99EB00A8DBEC /* Release */ = {
			isa = XCBuildConfiguration;
			buildSettings = {
				ALWAYS_SEARCH_USER_PATHS = NO;
				CLANG_ANALYZER_NONNULL = YES;
				CLANG_ANALYZER_NUMBER_OBJECT_CONVERSION = YES_AGGRESSIVE;
				CLANG_CXX_LANGUAGE_STANDARD = "gnu++14";
				CLANG_CXX_LIBRARY = "libc++";
				CLANG_ENABLE_MODULES = YES;
				CLANG_ENABLE_OBJC_ARC = YES;
				CLANG_ENABLE_OBJC_WEAK = YES;
				CLANG_WARN_BLOCK_CAPTURE_AUTORELEASING = YES;
				CLANG_WARN_BOOL_CONVERSION = YES;
				CLANG_WARN_COMMA = YES;
				CLANG_WARN_CONSTANT_CONVERSION = YES;
				CLANG_WARN_DEPRECATED_OBJC_IMPLEMENTATIONS = YES;
				CLANG_WARN_DIRECT_OBJC_ISA_USAGE = YES_ERROR;
				CLANG_WARN_DOCUMENTATION_COMMENTS = YES;
				CLANG_WARN_EMPTY_BODY = YES;
				CLANG_WARN_ENUM_CONVERSION = YES;
				CLANG_WARN_INFINITE_RECURSION = YES;
				CLANG_WARN_INT_CONVERSION = YES;
				CLANG_WARN_NON_LITERAL_NULL_CONVERSION = YES;
				CLANG_WARN_OBJC_IMPLICIT_RETAIN_SELF = YES;
				CLANG_WARN_OBJC_LITERAL_CONVERSION = YES;
				CLANG_WARN_OBJC_ROOT_CLASS = YES_ERROR;
				CLANG_WARN_RANGE_LOOP_ANALYSIS = YES;
				CLANG_WARN_STRICT_PROTOTYPES = YES;
				CLANG_WARN_SUSPICIOUS_MOVE = YES;
				CLANG_WARN_UNGUARDED_AVAILABILITY = YES_AGGRESSIVE;
				CLANG_WARN_UNREACHABLE_CODE = YES;
				CLANG_WARN__DUPLICATE_METHOD_MATCH = YES;
				CODE_SIGN_IDENTITY = "iPhone Developer";
				COPY_PHASE_STRIP = NO;
				DEBUG_INFORMATION_FORMAT = "dwarf-with-dsym";
				ENABLE_NS_ASSERTIONS = NO;
				ENABLE_STRICT_OBJC_MSGSEND = YES;
				GCC_C_LANGUAGE_STANDARD = gnu11;
				GCC_NO_COMMON_BLOCKS = YES;
				GCC_WARN_64_TO_32_BIT_CONVERSION = YES;
				GCC_WARN_ABOUT_RETURN_TYPE = YES_ERROR;
				GCC_WARN_UNDECLARED_SELECTOR = YES;
				GCC_WARN_UNINITIALIZED_AUTOS = YES_AGGRESSIVE;
				GCC_WARN_UNUSED_FUNCTION = YES;
				GCC_WARN_UNUSED_VARIABLE = YES;
				IPHONEOS_DEPLOYMENT_TARGET = 12.2;
				MTL_ENABLE_DEBUG_INFO = NO;
				MTL_FAST_MATH = YES;
				SDKROOT = iphoneos;
				SWIFT_COMPILATION_MODE = wholemodule;
				SWIFT_OPTIMIZATION_LEVEL = "-O";
				VALIDATE_PRODUCT = YES;
			};
			name = Release;
		};
		D9943F14225B99EB00A8DBEC /* Debug */ = {
			isa = XCBuildConfiguration;
			buildSettings = {
				ASSETCATALOG_COMPILER_APPICON_NAME = AppIcon;
				CODE_SIGN_STYLE = Automatic;
				DEVELOPMENT_TEAM = F8WM62TG74;
				INFOPLIST_FILE = SegundaMano/Info.plist;
				LD_RUNPATH_SEARCH_PATHS = (
					"$(inherited)",
					"@executable_path/Frameworks",
				);
				PRODUCT_BUNDLE_IDENTIFIER = SegundaMano;
				PRODUCT_NAME = "$(TARGET_NAME)";
				SWIFT_VERSION = 5.0;
				TARGETED_DEVICE_FAMILY = "1,2";
			};
			name = Debug;
		};
		D9943F15225B99EB00A8DBEC /* Release */ = {
			isa = XCBuildConfiguration;
			buildSettings = {
				ASSETCATALOG_COMPILER_APPICON_NAME = AppIcon;
				CODE_SIGN_STYLE = Automatic;
				DEVELOPMENT_TEAM = F8WM62TG74;
				INFOPLIST_FILE = SegundaMano/Info.plist;
				LD_RUNPATH_SEARCH_PATHS = (
					"$(inherited)",
					"@executable_path/Frameworks",
				);
				PRODUCT_BUNDLE_IDENTIFIER = SegundaMano;
				PRODUCT_NAME = "$(TARGET_NAME)";
				SWIFT_VERSION = 5.0;
				TARGETED_DEVICE_FAMILY = "1,2";
			};
			name = Release;
		};
/* End XCBuildConfiguration section */

/* Begin XCConfigurationList section */
		D9943EFC225B99DD00A8DBEC /* Build configuration list for PBXProject "SegundaMano" */ = {
			isa = XCConfigurationList;
			buildConfigurations = (
				D9943F11225B99EB00A8DBEC /* Debug */,
				D9943F12225B99EB00A8DBEC /* Release */,
			);
			defaultConfigurationIsVisible = 0;
			defaultConfigurationName = Release;
		};
		D9943F13225B99EB00A8DBEC /* Build configuration list for PBXNativeTarget "SegundaMano" */ = {
			isa = XCConfigurationList;
			buildConfigurations = (
				D9943F14225B99EB00A8DBEC /* Debug */,
				D9943F15225B99EB00A8DBEC /* Release */,
			);
			defaultConfigurationIsVisible = 0;
			defaultConfigurationName = Release;
		};
/* End XCConfigurationList section */
	};
	rootObject = D9943EF9225B99DD00A8DBEC /* Project object */;
}
